// !$*UTF8*$!
{
	archiveVersion = 1;
	classes = {
	};
	objectVersion = 56;
	objects = {

/* Begin PBXBuildFile section */
		4212BD172BC5C8E400AAFC84 /* AppDelegate.swift in Sources */ = {isa = PBXBuildFile; fileRef = 4212BD162BC5C8E400AAFC84 /* AppDelegate.swift */; };
		4212BD202BC5C8E800AAFC84 /* Assets.xcassets in Resources */ = {isa = PBXBuildFile; fileRef = 4212BD1F2BC5C8E800AAFC84 /* Assets.xcassets */; };
		4212BD232BC5C8E800AAFC84 /* Base in Resources */ = {isa = PBXBuildFile; fileRef = 4212BD222BC5C8E800AAFC84 /* Base */; };
		4212BD2E2BC5C8E900AAFC84 /* opBuilderTests.swift in Sources */ = {isa = PBXBuildFile; fileRef = 4212BD2D2BC5C8E900AAFC84 /* opBuilderTests.swift */; };
		4212BD382BC5C8E900AAFC84 /* opBuilderUITests.swift in Sources */ = {isa = PBXBuildFile; fileRef = 4212BD372BC5C8E900AAFC84 /* opBuilderUITests.swift */; };
		4212BD3A2BC5C8E900AAFC84 /* opBuilderUITestsLaunchTests.swift in Sources */ = {isa = PBXBuildFile; fileRef = 4212BD392BC5C8E900AAFC84 /* opBuilderUITestsLaunchTests.swift */; };
		4223C7F32BE96E90008884C8 /* Coordinator.swift in Sources */ = {isa = PBXBuildFile; fileRef = 4223C7F22BE96E90008884C8 /* Coordinator.swift */; };
		4223C7F52BE96FED008884C8 /* MainCoordinator.swift in Sources */ = {isa = PBXBuildFile; fileRef = 4223C7F42BE96FED008884C8 /* MainCoordinator.swift */; };
		424C72802BE976450091A467 /* MainViewController.swift in Sources */ = {isa = PBXBuildFile; fileRef = 424C727F2BE976450091A467 /* MainViewController.swift */; };
		424C72822BE9786C0091A467 /* MainSwiftUIView.swift in Sources */ = {isa = PBXBuildFile; fileRef = 424C72812BE9786C0091A467 /* MainSwiftUIView.swift */; };
/* End PBXBuildFile section */

/* Begin PBXContainerItemProxy section */
		4212BD2A2BC5C8E900AAFC84 /* PBXContainerItemProxy */ = {
			isa = PBXContainerItemProxy;
			containerPortal = 4212BD0B2BC5C8E400AAFC84 /* Project object */;
			proxyType = 1;
			remoteGlobalIDString = 4212BD122BC5C8E400AAFC84;
			remoteInfo = opBuilder;
		};
		4212BD342BC5C8E900AAFC84 /* PBXContainerItemProxy */ = {
			isa = PBXContainerItemProxy;
			containerPortal = 4212BD0B2BC5C8E400AAFC84 /* Project object */;
			proxyType = 1;
			remoteGlobalIDString = 4212BD122BC5C8E400AAFC84;
			remoteInfo = opBuilder;
		};
/* End PBXContainerItemProxy section */

/* Begin PBXFileReference section */
		4212BD132BC5C8E400AAFC84 /* opBuilder.app */ = {isa = PBXFileReference; explicitFileType = wrapper.application; includeInIndex = 0; path = opBuilder.app; sourceTree = BUILT_PRODUCTS_DIR; };
		4212BD162BC5C8E400AAFC84 /* AppDelegate.swift */ = {isa = PBXFileReference; lastKnownFileType = sourcecode.swift; path = AppDelegate.swift; sourceTree = "<group>"; };
		4212BD1F2BC5C8E800AAFC84 /* Assets.xcassets */ = {isa = PBXFileReference; lastKnownFileType = folder.assetcatalog; path = Assets.xcassets; sourceTree = "<group>"; };
		4212BD222BC5C8E800AAFC84 /* Base */ = {isa = PBXFileReference; lastKnownFileType = file.storyboard; name = Base; path = Base.lproj/LaunchScreen.storyboard; sourceTree = "<group>"; };
		4212BD242BC5C8E800AAFC84 /* Info.plist */ = {isa = PBXFileReference; lastKnownFileType = text.plist.xml; path = Info.plist; sourceTree = "<group>"; };
		4212BD292BC5C8E900AAFC84 /* opBuilderTests.xctest */ = {isa = PBXFileReference; explicitFileType = wrapper.cfbundle; includeInIndex = 0; path = opBuilderTests.xctest; sourceTree = BUILT_PRODUCTS_DIR; };
		4212BD2D2BC5C8E900AAFC84 /* opBuilderTests.swift */ = {isa = PBXFileReference; lastKnownFileType = sourcecode.swift; path = opBuilderTests.swift; sourceTree = "<group>"; };
		4212BD332BC5C8E900AAFC84 /* opBuilderUITests.xctest */ = {isa = PBXFileReference; explicitFileType = wrapper.cfbundle; includeInIndex = 0; path = opBuilderUITests.xctest; sourceTree = BUILT_PRODUCTS_DIR; };
		4212BD372BC5C8E900AAFC84 /* opBuilderUITests.swift */ = {isa = PBXFileReference; lastKnownFileType = sourcecode.swift; path = opBuilderUITests.swift; sourceTree = "<group>"; };
		4212BD392BC5C8E900AAFC84 /* opBuilderUITestsLaunchTests.swift */ = {isa = PBXFileReference; lastKnownFileType = sourcecode.swift; path = opBuilderUITestsLaunchTests.swift; sourceTree = "<group>"; };
		4223C7F22BE96E90008884C8 /* Coordinator.swift */ = {isa = PBXFileReference; lastKnownFileType = sourcecode.swift; path = Coordinator.swift; sourceTree = "<group>"; };
		4223C7F42BE96FED008884C8 /* MainCoordinator.swift */ = {isa = PBXFileReference; lastKnownFileType = sourcecode.swift; path = MainCoordinator.swift; sourceTree = "<group>"; };
		424C727F2BE976450091A467 /* MainViewController.swift */ = {isa = PBXFileReference; lastKnownFileType = sourcecode.swift; path = MainViewController.swift; sourceTree = "<group>"; };
		424C72812BE9786C0091A467 /* MainSwiftUIView.swift */ = {isa = PBXFileReference; lastKnownFileType = sourcecode.swift; path = MainSwiftUIView.swift; sourceTree = "<group>"; };
/* End PBXFileReference section */

/* Begin PBXFrameworksBuildPhase section */
		4212BD102BC5C8E400AAFC84 /* Frameworks */ = {
			isa = PBXFrameworksBuildPhase;
			buildActionMask = 2147483647;
			files = (
			);
			runOnlyForDeploymentPostprocessing = 0;
		};
		4212BD262BC5C8E900AAFC84 /* Frameworks */ = {
			isa = PBXFrameworksBuildPhase;
			buildActionMask = 2147483647;
			files = (
			);
			runOnlyForDeploymentPostprocessing = 0;
		};
		4212BD302BC5C8E900AAFC84 /* Frameworks */ = {
			isa = PBXFrameworksBuildPhase;
			buildActionMask = 2147483647;
			files = (
			);
			runOnlyForDeploymentPostprocessing = 0;
		};
/* End PBXFrameworksBuildPhase section */

/* Begin PBXGroup section */
		4212BD0A2BC5C8E400AAFC84 = {
			isa = PBXGroup;
			children = (
				4212BD152BC5C8E400AAFC84 /* opBuilder */,
				4212BD2C2BC5C8E900AAFC84 /* opBuilderTests */,
				4212BD362BC5C8E900AAFC84 /* opBuilderUITests */,
				4212BD142BC5C8E400AAFC84 /* Products */,
			);
			sourceTree = "<group>";
		};
		4212BD142BC5C8E400AAFC84 /* Products */ = {
			isa = PBXGroup;
			children = (
				4212BD132BC5C8E400AAFC84 /* opBuilder.app */,
				4212BD292BC5C8E900AAFC84 /* opBuilderTests.xctest */,
				4212BD332BC5C8E900AAFC84 /* opBuilderUITests.xctest */,
			);
			name = Products;
			sourceTree = "<group>";
		};
		4212BD152BC5C8E400AAFC84 /* opBuilder */ = {
			isa = PBXGroup;
			children = (
				4212BD162BC5C8E400AAFC84 /* AppDelegate.swift */,
				4223C7F22BE96E90008884C8 /* Coordinator.swift */,
				4223C7F42BE96FED008884C8 /* MainCoordinator.swift */,
				4212BD1F2BC5C8E800AAFC84 /* Assets.xcassets */,
				4212BD212BC5C8E800AAFC84 /* LaunchScreen.storyboard */,
				4212BD242BC5C8E800AAFC84 /* Info.plist */,
				424C727F2BE976450091A467 /* MainViewController.swift */,
				424C72812BE9786C0091A467 /* MainSwiftUIView.swift */,
			);
			path = opBuilder;
			sourceTree = "<group>";
		};
		4212BD2C2BC5C8E900AAFC84 /* opBuilderTests */ = {
			isa = PBXGroup;
			children = (
				4212BD2D2BC5C8E900AAFC84 /* opBuilderTests.swift */,
			);
			path = opBuilderTests;
			sourceTree = "<group>";
		};
		4212BD362BC5C8E900AAFC84 /* opBuilderUITests */ = {
			isa = PBXGroup;
			children = (
				4212BD372BC5C8E900AAFC84 /* opBuilderUITests.swift */,
				4212BD392BC5C8E900AAFC84 /* opBuilderUITestsLaunchTests.swift */,
			);
			path = opBuilderUITests;
			sourceTree = "<group>";
		};
/* End PBXGroup section */

/* Begin PBXNativeTarget section */
		4212BD122BC5C8E400AAFC84 /* opBuilder */ = {
			isa = PBXNativeTarget;
			buildConfigurationList = 4212BD3D2BC5C8E900AAFC84 /* Build configuration list for PBXNativeTarget "opBuilder" */;
			buildPhases = (
				4212BD0F2BC5C8E400AAFC84 /* Sources */,
				4212BD102BC5C8E400AAFC84 /* Frameworks */,
				4212BD112BC5C8E400AAFC84 /* Resources */,
			);
			buildRules = (
			);
			dependencies = (
			);
			name = opBuilder;
			productName = opBuilder;
			productReference = 4212BD132BC5C8E400AAFC84 /* opBuilder.app */;
			productType = "com.apple.product-type.application";
		};
		4212BD282BC5C8E900AAFC84 /* opBuilderTests */ = {
			isa = PBXNativeTarget;
			buildConfigurationList = 4212BD402BC5C8E900AAFC84 /* Build configuration list for PBXNativeTarget "opBuilderTests" */;
			buildPhases = (
				4212BD252BC5C8E900AAFC84 /* Sources */,
				4212BD262BC5C8E900AAFC84 /* Frameworks */,
				4212BD272BC5C8E900AAFC84 /* Resources */,
			);
			buildRules = (
			);
			dependencies = (
				4212BD2B2BC5C8E900AAFC84 /* PBXTargetDependency */,
			);
			name = opBuilderTests;
			productName = opBuilderTests;
			productReference = 4212BD292BC5C8E900AAFC84 /* opBuilderTests.xctest */;
			productType = "com.apple.product-type.bundle.unit-test";
		};
		4212BD322BC5C8E900AAFC84 /* opBuilderUITests */ = {
			isa = PBXNativeTarget;
			buildConfigurationList = 4212BD432BC5C8E900AAFC84 /* Build configuration list for PBXNativeTarget "opBuilderUITests" */;
			buildPhases = (
				4212BD2F2BC5C8E900AAFC84 /* Sources */,
				4212BD302BC5C8E900AAFC84 /* Frameworks */,
				4212BD312BC5C8E900AAFC84 /* Resources */,
			);
			buildRules = (
			);
			dependencies = (
				4212BD352BC5C8E900AAFC84 /* PBXTargetDependency */,
			);
			name = opBuilderUITests;
			productName = opBuilderUITests;
			productReference = 4212BD332BC5C8E900AAFC84 /* opBuilderUITests.xctest */;
			productType = "com.apple.product-type.bundle.ui-testing";
		};
/* End PBXNativeTarget section */

/* Begin PBXProject section */
		4212BD0B2BC5C8E400AAFC84 /* Project object */ = {
			isa = PBXProject;
			attributes = {
				BuildIndependentTargetsInParallel = 1;
				LastSwiftUpdateCheck = 1530;
				LastUpgradeCheck = 1530;
				TargetAttributes = {
					4212BD122BC5C8E400AAFC84 = {
						CreatedOnToolsVersion = 15.3;
					};
					4212BD282BC5C8E900AAFC84 = {
						CreatedOnToolsVersion = 15.3;
						TestTargetID = 4212BD122BC5C8E400AAFC84;
					};
					4212BD322BC5C8E900AAFC84 = {
						CreatedOnToolsVersion = 15.3;
						TestTargetID = 4212BD122BC5C8E400AAFC84;
					};
				};
			};
			buildConfigurationList = 4212BD0E2BC5C8E400AAFC84 /* Build configuration list for PBXProject "opBuilder" */;
			compatibilityVersion = "Xcode 14.0";
			developmentRegion = en;
			hasScannedForEncodings = 0;
			knownRegions = (
				en,
				Base,
			);
			mainGroup = 4212BD0A2BC5C8E400AAFC84;
			packageReferences = (
				426700FA2BCDE0D700053965 /* XCRemoteSwiftPackageReference "RxSwift" */,
			);
			productRefGroup = 4212BD142BC5C8E400AAFC84 /* Products */;
			projectDirPath = "";
			projectRoot = "";
			targets = (
				4212BD122BC5C8E400AAFC84 /* opBuilder */,
				4212BD282BC5C8E900AAFC84 /* opBuilderTests */,
				4212BD322BC5C8E900AAFC84 /* opBuilderUITests */,
			);
		};
/* End PBXProject section */

/* Begin PBXResourcesBuildPhase section */
		4212BD112BC5C8E400AAFC84 /* Resources */ = {
			isa = PBXResourcesBuildPhase;
			buildActionMask = 2147483647;
			files = (
				4212BD202BC5C8E800AAFC84 /* Assets.xcassets in Resources */,
				4212BD232BC5C8E800AAFC84 /* Base in Resources */,
			);
			runOnlyForDeploymentPostprocessing = 0;
		};
		4212BD272BC5C8E900AAFC84 /* Resources */ = {
			isa = PBXResourcesBuildPhase;
			buildActionMask = 2147483647;
			files = (
			);
			runOnlyForDeploymentPostprocessing = 0;
		};
		4212BD312BC5C8E900AAFC84 /* Resources */ = {
			isa = PBXResourcesBuildPhase;
			buildActionMask = 2147483647;
			files = (
			);
			runOnlyForDeploymentPostprocessing = 0;
		};
/* End PBXResourcesBuildPhase section */

/* Begin PBXSourcesBuildPhase section */
		4212BD0F2BC5C8E400AAFC84 /* Sources */ = {
			isa = PBXSourcesBuildPhase;
			buildActionMask = 2147483647;
			files = (
				4223C7F32BE96E90008884C8 /* Coordinator.swift in Sources */,
				4212BD172BC5C8E400AAFC84 /* AppDelegate.swift in Sources */,
				4223C7F52BE96FED008884C8 /* MainCoordinator.swift in Sources */,
				424C72802BE976450091A467 /* MainViewController.swift in Sources */,
				424C72822BE9786C0091A467 /* MainSwiftUIView.swift in Sources */,
			);
			runOnlyForDeploymentPostprocessing = 0;
		};
		4212BD252BC5C8E900AAFC84 /* Sources */ = {
			isa = PBXSourcesBuildPhase;
			buildActionMask = 2147483647;
			files = (
				4212BD2E2BC5C8E900AAFC84 /* opBuilderTests.swift in Sources */,
			);
			runOnlyForDeploymentPostprocessing = 0;
		};
		4212BD2F2BC5C8E900AAFC84 /* Sources */ = {
			isa = PBXSourcesBuildPhase;
			buildActionMask = 2147483647;
			files = (
				4212BD382BC5C8E900AAFC84 /* opBuilderUITests.swift in Sources */,
				4212BD3A2BC5C8E900AAFC84 /* opBuilderUITestsLaunchTests.swift in Sources */,
			);
			runOnlyForDeploymentPostprocessing = 0;
		};
/* End PBXSourcesBuildPhase section */

/* Begin PBXTargetDependency section */
		4212BD2B2BC5C8E900AAFC84 /* PBXTargetDependency */ = {
			isa = PBXTargetDependency;
			target = 4212BD122BC5C8E400AAFC84 /* opBuilder */;
			targetProxy = 4212BD2A2BC5C8E900AAFC84 /* PBXContainerItemProxy */;
		};
		4212BD352BC5C8E900AAFC84 /* PBXTargetDependency */ = {
			isa = PBXTargetDependency;
			target = 4212BD122BC5C8E400AAFC84 /* opBuilder */;
			targetProxy = 4212BD342BC5C8E900AAFC84 /* PBXContainerItemProxy */;
		};
/* End PBXTargetDependency section */

/* Begin PBXVariantGroup section */
		4212BD212BC5C8E800AAFC84 /* LaunchScreen.storyboard */ = {
			isa = PBXVariantGroup;
			children = (
				4212BD222BC5C8E800AAFC84 /* Base */,
			);
			name = LaunchScreen.storyboard;
			sourceTree = "<group>";
		};
/* End PBXVariantGroup section */

/* Begin XCBuildConfiguration section */
		4212BD3B2BC5C8E900AAFC84 /* Debug */ = {
			isa = XCBuildConfiguration;
			buildSettings = {
				ALWAYS_SEARCH_USER_PATHS = NO;
				ASSETCATALOG_COMPILER_GENERATE_SWIFT_ASSET_SYMBOL_EXTENSIONS = YES;
				CLANG_ANALYZER_NONNULL = YES;
				CLANG_ANALYZER_NUMBER_OBJECT_CONVERSION = YES_AGGRESSIVE;
				CLANG_CXX_LANGUAGE_STANDARD = "gnu++20";
				CLANG_ENABLE_MODULES = YES;
				CLANG_ENABLE_OBJC_ARC = YES;
				CLANG_ENABLE_OBJC_WEAK = YES;
				CLANG_WARN_BLOCK_CAPTURE_AUTORELEASING = YES;
				CLANG_WARN_BOOL_CONVERSION = YES;
				CLANG_WARN_COMMA = YES;
				CLANG_WARN_CONSTANT_CONVERSION = YES;
				CLANG_WARN_DEPRECATED_OBJC_IMPLEMENTATIONS = YES;
				CLANG_WARN_DIRECT_OBJC_ISA_USAGE = YES_ERROR;
				CLANG_WARN_DOCUMENTATION_COMMENTS = YES;
				CLANG_WARN_EMPTY_BODY = YES;
				CLANG_WARN_ENUM_CONVERSION = YES;
				CLANG_WARN_INFINITE_RECURSION = YES;
				CLANG_WARN_INT_CONVERSION = YES;
				CLANG_WARN_NON_LITERAL_NULL_CONVERSION = YES;
				CLANG_WARN_OBJC_IMPLICIT_RETAIN_SELF = YES;
				CLANG_WARN_OBJC_LITERAL_CONVERSION = YES;
				CLANG_WARN_OBJC_ROOT_CLASS = YES_ERROR;
				CLANG_WARN_QUOTED_INCLUDE_IN_FRAMEWORK_HEADER = YES;
				CLANG_WARN_RANGE_LOOP_ANALYSIS = YES;
				CLANG_WARN_STRICT_PROTOTYPES = YES;
				CLANG_WARN_SUSPICIOUS_MOVE = YES;
				CLANG_WARN_UNGUARDED_AVAILABILITY = YES_AGGRESSIVE;
				CLANG_WARN_UNREACHABLE_CODE = YES;
				CLANG_WARN__DUPLICATE_METHOD_MATCH = YES;
				COPY_PHASE_STRIP = NO;
				DEBUG_INFORMATION_FORMAT = dwarf;
				ENABLE_STRICT_OBJC_MSGSEND = YES;
				ENABLE_TESTABILITY = YES;
				ENABLE_USER_SCRIPT_SANDBOXING = YES;
				GCC_C_LANGUAGE_STANDARD = gnu17;
				GCC_DYNAMIC_NO_PIC = NO;
				GCC_NO_COMMON_BLOCKS = YES;
				GCC_OPTIMIZATION_LEVEL = 0;
				GCC_PREPROCESSOR_DEFINITIONS = (
					"DEBUG=1",
					"$(inherited)",
				);
				GCC_WARN_64_TO_32_BIT_CONVERSION = YES;
				GCC_WARN_ABOUT_RETURN_TYPE = YES_ERROR;
				GCC_WARN_UNDECLARED_SELECTOR = YES;
				GCC_WARN_UNINITIALIZED_AUTOS = YES_AGGRESSIVE;
				GCC_WARN_UNUSED_FUNCTION = YES;
				GCC_WARN_UNUSED_VARIABLE = YES;
				IPHONEOS_DEPLOYMENT_TARGET = 17.4;
				LOCALIZATION_PREFERS_STRING_CATALOGS = YES;
				MTL_ENABLE_DEBUG_INFO = INCLUDE_SOURCE;
				MTL_FAST_MATH = YES;
				ONLY_ACTIVE_ARCH = YES;
				SDKROOT = iphoneos;
				SWIFT_ACTIVE_COMPILATION_CONDITIONS = "DEBUG $(inherited)";
				SWIFT_OPTIMIZATION_LEVEL = "-Onone";
			};
			name = Debug;
		};
		4212BD3C2BC5C8E900AAFC84 /* Release */ = {
			isa = XCBuildConfiguration;
			buildSettings = {
				ALWAYS_SEARCH_USER_PATHS = NO;
				ASSETCATALOG_COMPILER_GENERATE_SWIFT_ASSET_SYMBOL_EXTENSIONS = YES;
				CLANG_ANALYZER_NONNULL = YES;
				CLANG_ANALYZER_NUMBER_OBJECT_CONVERSION = YES_AGGRESSIVE;
				CLANG_CXX_LANGUAGE_STANDARD = "gnu++20";
				CLANG_ENABLE_MODULES = YES;
				CLANG_ENABLE_OBJC_ARC = YES;
				CLANG_ENABLE_OBJC_WEAK = YES;
				CLANG_WARN_BLOCK_CAPTURE_AUTORELEASING = YES;
				CLANG_WARN_BOOL_CONVERSION = YES;
				CLANG_WARN_COMMA = YES;
				CLANG_WARN_CONSTANT_CONVERSION = YES;
				CLANG_WARN_DEPRECATED_OBJC_IMPLEMENTATIONS = YES;
				CLANG_WARN_DIRECT_OBJC_ISA_USAGE = YES_ERROR;
				CLANG_WARN_DOCUMENTATION_COMMENTS = YES;
				CLANG_WARN_EMPTY_BODY = YES;
				CLANG_WARN_ENUM_CONVERSION = YES;
				CLANG_WARN_INFINITE_RECURSION = YES;
				CLANG_WARN_INT_CONVERSION = YES;
				CLANG_WARN_NON_LITERAL_NULL_CONVERSION = YES;
				CLANG_WARN_OBJC_IMPLICIT_RETAIN_SELF = YES;
				CLANG_WARN_OBJC_LITERAL_CONVERSION = YES;
				CLANG_WARN_OBJC_ROOT_CLASS = YES_ERROR;
				CLANG_WARN_QUOTED_INCLUDE_IN_FRAMEWORK_HEADER = YES;
				CLANG_WARN_RANGE_LOOP_ANALYSIS = YES;
				CLANG_WARN_STRICT_PROTOTYPES = YES;
				CLANG_WARN_SUSPICIOUS_MOVE = YES;
				CLANG_WARN_UNGUARDED_AVAILABILITY = YES_AGGRESSIVE;
				CLANG_WARN_UNREACHABLE_CODE = YES;
				CLANG_WARN__DUPLICATE_METHOD_MATCH = YES;
				COPY_PHASE_STRIP = NO;
				DEBUG_INFORMATION_FORMAT = "dwarf-with-dsym";
				ENABLE_NS_ASSERTIONS = NO;
				ENABLE_STRICT_OBJC_MSGSEND = YES;
				ENABLE_USER_SCRIPT_SANDBOXING = YES;
				GCC_C_LANGUAGE_STANDARD = gnu17;
				GCC_NO_COMMON_BLOCKS = YES;
				GCC_WARN_64_TO_32_BIT_CONVERSION = YES;
				GCC_WARN_ABOUT_RETURN_TYPE = YES_ERROR;
				GCC_WARN_UNDECLARED_SELECTOR = YES;
				GCC_WARN_UNINITIALIZED_AUTOS = YES_AGGRESSIVE;
				GCC_WARN_UNUSED_FUNCTION = YES;
				GCC_WARN_UNUSED_VARIABLE = YES;
				IPHONEOS_DEPLOYMENT_TARGET = 17.4;
				LOCALIZATION_PREFERS_STRING_CATALOGS = YES;
				MTL_ENABLE_DEBUG_INFO = NO;
				MTL_FAST_MATH = YES;
				SDKROOT = iphoneos;
				SWIFT_COMPILATION_MODE = wholemodule;
				VALIDATE_PRODUCT = YES;
			};
			name = Release;
		};
		4212BD3E2BC5C8E900AAFC84 /* Debug */ = {
			isa = XCBuildConfiguration;
			buildSettings = {
				ASSETCATALOG_COMPILER_APPICON_NAME = AppIcon;
				ASSETCATALOG_COMPILER_GLOBAL_ACCENT_COLOR_NAME = AccentColor;
				CODE_SIGN_STYLE = Automatic;
				CURRENT_PROJECT_VERSION = 1;
				DEVELOPMENT_TEAM = 57F4G28A83;
				GENERATE_INFOPLIST_FILE = YES;
				INFOPLIST_FILE = opBuilder/Info.plist;
				INFOPLIST_KEY_UIApplicationSupportsIndirectInputEvents = YES;
				INFOPLIST_KEY_UILaunchStoryboardName = LaunchScreen;
				INFOPLIST_KEY_UISupportedInterfaceOrientations_iPad = "UIInterfaceOrientationPortrait UIInterfaceOrientationPortraitUpsideDown UIInterfaceOrientationLandscapeLeft UIInterfaceOrientationLandscapeRight";
				INFOPLIST_KEY_UISupportedInterfaceOrientations_iPhone = "UIInterfaceOrientationPortrait UIInterfaceOrientationLandscapeLeft UIInterfaceOrientationLandscapeRight";
				LD_RUNPATH_SEARCH_PATHS = (
					"$(inherited)",
					"@executable_path/Frameworks",
				);
				MARKETING_VERSION = 1.0;
				PRODUCT_BUNDLE_IDENTIFIER = guilhermeShima.opBuilder;
				PRODUCT_NAME = "$(TARGET_NAME)";
				SWIFT_EMIT_LOC_STRINGS = YES;
				SWIFT_VERSION = 5.0;
				TARGETED_DEVICE_FAMILY = "1,2";
			};
			name = Debug;
		};
		4212BD3F2BC5C8E900AAFC84 /* Release */ = {
			isa = XCBuildConfiguration;
			buildSettings = {
				ASSETCATALOG_COMPILER_APPICON_NAME = AppIcon;
				ASSETCATALOG_COMPILER_GLOBAL_ACCENT_COLOR_NAME = AccentColor;
				CODE_SIGN_STYLE = Automatic;
				CURRENT_PROJECT_VERSION = 1;
				DEVELOPMENT_TEAM = 57F4G28A83;
				GENERATE_INFOPLIST_FILE = YES;
				INFOPLIST_FILE = opBuilder/Info.plist;
				INFOPLIST_KEY_UIApplicationSupportsIndirectInputEvents = YES;
				INFOPLIST_KEY_UILaunchStoryboardName = LaunchScreen;
				INFOPLIST_KEY_UISupportedInterfaceOrientations_iPad = "UIInterfaceOrientationPortrait UIInterfaceOrientationPortraitUpsideDown UIInterfaceOrientationLandscapeLeft UIInterfaceOrientationLandscapeRight";
				INFOPLIST_KEY_UISupportedInterfaceOrientations_iPhone = "UIInterfaceOrientationPortrait UIInterfaceOrientationLandscapeLeft UIInterfaceOrientationLandscapeRight";
				LD_RUNPATH_SEARCH_PATHS = (
					"$(inherited)",
					"@executable_path/Frameworks",
				);
				MARKETING_VERSION = 1.0;
				PRODUCT_BUNDLE_IDENTIFIER = guilhermeShima.opBuilder;
				PRODUCT_NAME = "$(TARGET_NAME)";
				SWIFT_EMIT_LOC_STRINGS = YES;
				SWIFT_VERSION = 5.0;
				TARGETED_DEVICE_FAMILY = "1,2";
			};
			name = Release;
		};
		4212BD412BC5C8E900AAFC84 /* Debug */ = {
			isa = XCBuildConfiguration;
			buildSettings = {
				ALWAYS_EMBED_SWIFT_STANDARD_LIBRARIES = YES;
				BUNDLE_LOADER = "$(TEST_HOST)";
				CODE_SIGN_STYLE = Automatic;
				CURRENT_PROJECT_VERSION = 1;
				DEVELOPMENT_TEAM = 57F4G28A83;
				GENERATE_INFOPLIST_FILE = YES;
				IPHONEOS_DEPLOYMENT_TARGET = 17.4;
				MARKETING_VERSION = 1.0;
				PRODUCT_BUNDLE_IDENTIFIER = guilhermeShima.opBuilderTests;
				PRODUCT_NAME = "$(TARGET_NAME)";
				SWIFT_EMIT_LOC_STRINGS = NO;
				SWIFT_VERSION = 5.0;
				TARGETED_DEVICE_FAMILY = "1,2";
				TEST_HOST = "$(BUILT_PRODUCTS_DIR)/opBuilder.app/$(BUNDLE_EXECUTABLE_FOLDER_PATH)/opBuilder";
			};
			name = Debug;
		};
		4212BD422BC5C8E900AAFC84 /* Release */ = {
			isa = XCBuildConfiguration;
			buildSettings = {
				ALWAYS_EMBED_SWIFT_STANDARD_LIBRARIES = YES;
				BUNDLE_LOADER = "$(TEST_HOST)";
				CODE_SIGN_STYLE = Automatic;
				CURRENT_PROJECT_VERSION = 1;
				DEVELOPMENT_TEAM = 57F4G28A83;
				GENERATE_INFOPLIST_FILE = YES;
				IPHONEOS_DEPLOYMENT_TARGET = 17.4;
				MARKETING_VERSION = 1.0;
				PRODUCT_BUNDLE_IDENTIFIER = guilhermeShima.opBuilderTests;
				PRODUCT_NAME = "$(TARGET_NAME)";
				SWIFT_EMIT_LOC_STRINGS = NO;
				SWIFT_VERSION = 5.0;
				TARGETED_DEVICE_FAMILY = "1,2";
				TEST_HOST = "$(BUILT_PRODUCTS_DIR)/opBuilder.app/$(BUNDLE_EXECUTABLE_FOLDER_PATH)/opBuilder";
			};
			name = Release;
		};
		4212BD442BC5C8E900AAFC84 /* Debug */ = {
			isa = XCBuildConfiguration;
			buildSettings = {
				ALWAYS_EMBED_SWIFT_STANDARD_LIBRARIES = YES;
				CODE_SIGN_STYLE = Automatic;
				CURRENT_PROJECT_VERSION = 1;
				DEVELOPMENT_TEAM = 57F4G28A83;
				GENERATE_INFOPLIST_FILE = YES;
				MARKETING_VERSION = 1.0;
				PRODUCT_BUNDLE_IDENTIFIER = guilhermeShima.opBuilderUITests;
				PRODUCT_NAME = "$(TARGET_NAME)";
				SWIFT_EMIT_LOC_STRINGS = NO;
				SWIFT_VERSION = 5.0;
				TARGETED_DEVICE_FAMILY = "1,2";
				TEST_TARGET_NAME = opBuilder;
			};
			name = Debug;
		};
		4212BD452BC5C8E900AAFC84 /* Release */ = {
			isa = XCBuildConfiguration;
			buildSettings = {
				ALWAYS_EMBED_SWIFT_STANDARD_LIBRARIES = YES;
				CODE_SIGN_STYLE = Automatic;
				CURRENT_PROJECT_VERSION = 1;
				DEVELOPMENT_TEAM = 57F4G28A83;
				GENERATE_INFOPLIST_FILE = YES;
				MARKETING_VERSION = 1.0;
				PRODUCT_BUNDLE_IDENTIFIER = guilhermeShima.opBuilderUITests;
				PRODUCT_NAME = "$(TARGET_NAME)";
				SWIFT_EMIT_LOC_STRINGS = NO;
				SWIFT_VERSION = 5.0;
				TARGETED_DEVICE_FAMILY = "1,2";
				TEST_TARGET_NAME = opBuilder;
			};
			name = Release;
		};
/* End XCBuildConfiguration section */

/* Begin XCConfigurationList section */
		4212BD0E2BC5C8E400AAFC84 /* Build configuration list for PBXProject "opBuilder" */ = {
			isa = XCConfigurationList;
			buildConfigurations = (
				4212BD3B2BC5C8E900AAFC84 /* Debug */,
				4212BD3C2BC5C8E900AAFC84 /* Release */,
			);
			defaultConfigurationIsVisible = 0;
			defaultConfigurationName = Release;
		};
		4212BD3D2BC5C8E900AAFC84 /* Build configuration list for PBXNativeTarget "opBuilder" */ = {
			isa = XCConfigurationList;
			buildConfigurations = (
				4212BD3E2BC5C8E900AAFC84 /* Debug */,
				4212BD3F2BC5C8E900AAFC84 /* Release */,
			);
			defaultConfigurationIsVisible = 0;
			defaultConfigurationName = Release;
		};
		4212BD402BC5C8E900AAFC84 /* Build configuration list for PBXNativeTarget "opBuilderTests" */ = {
			isa = XCConfigurationList;
			buildConfigurations = (
				4212BD412BC5C8E900AAFC84 /* Debug */,
				4212BD422BC5C8E900AAFC84 /* Release */,
			);
			defaultConfigurationIsVisible = 0;
			defaultConfigurationName = Release;
		};
		4212BD432BC5C8E900AAFC84 /* Build configuration list for PBXNativeTarget "opBuilderUITests" */ = {
			isa = XCConfigurationList;
			buildConfigurations = (
				4212BD442BC5C8E900AAFC84 /* Debug */,
				4212BD452BC5C8E900AAFC84 /* Release */,
			);
			defaultConfigurationIsVisible = 0;
			defaultConfigurationName = Release;
		};
/* End XCConfigurationList section */

/* Begin XCRemoteSwiftPackageReference section */
		426700FA2BCDE0D700053965 /* XCRemoteSwiftPackageReference "RxSwift" */ = {
			isa = XCRemoteSwiftPackageReference;
			repositoryURL = "https://github.com/ReactiveX/RxSwift";
			requirement = {
				kind = upToNextMajorVersion;
				minimumVersion = 6.6.0;
			};
		};
/* End XCRemoteSwiftPackageReference section */
	};
	rootObject = 4212BD0B2BC5C8E400AAFC84 /* Project object */;
}
